// !$*UTF8*$!
{
	archiveVersion = 1;
	classes = {
	};
	objectVersion = 50;
	objects = {

/* Begin PBXBuildFile section */
		7303023D2144FDE200EDF25D /* AppDelegate.m in Sources */ = {isa = PBXBuildFile; fileRef = 7303023C2144FDE200EDF25D /* AppDelegate.m */; };
		730302402144FDE200EDF25D /* ViewController.m in Sources */ = {isa = PBXBuildFile; fileRef = 7303023F2144FDE200EDF25D /* ViewController.m */; };
		730302432144FDE200EDF25D /* Main.storyboard in Resources */ = {isa = PBXBuildFile; fileRef = 730302412144FDE200EDF25D /* Main.storyboard */; };
		730302452144FDE300EDF25D /* Assets.xcassets in Resources */ = {isa = PBXBuildFile; fileRef = 730302442144FDE300EDF25D /* Assets.xcassets */; };
		730302482144FDE300EDF25D /* LaunchScreen.storyboard in Resources */ = {isa = PBXBuildFile; fileRef = 730302462144FDE300EDF25D /* LaunchScreen.storyboard */; };
		7303024B2144FDE300EDF25D /* main.m in Sources */ = {isa = PBXBuildFile; fileRef = 7303024A2144FDE300EDF25D /* main.m */; };
		730302552144FDE300EDF25D /* Runtime_ApplicationTests.m in Sources */ = {isa = PBXBuildFile; fileRef = 730302542144FDE300EDF25D /* Runtime_ApplicationTests.m */; };
		730302602144FDE300EDF25D /* Runtime_ApplicationUITests.m in Sources */ = {isa = PBXBuildFile; fileRef = 7303025F2144FDE300EDF25D /* Runtime_ApplicationUITests.m */; };
		7303026F2144FE5E00EDF25D /* ViewController+Property.m in Sources */ = {isa = PBXBuildFile; fileRef = 7303026E2144FE5E00EDF25D /* ViewController+Property.m */; };
		7303027521450D2D00EDF25D /* NSObject+RuntimeModel.m in Sources */ = {isa = PBXBuildFile; fileRef = 7303027421450D2D00EDF25D /* NSObject+RuntimeModel.m */; };
		7303027821450F6F00EDF25D /* RuntimeModel.m in Sources */ = {isa = PBXBuildFile; fileRef = 7303027721450F6F00EDF25D /* RuntimeModel.m */; };
/* End PBXBuildFile section */

/* Begin PBXContainerItemProxy section */
		730302512144FDE300EDF25D /* PBXContainerItemProxy */ = {
			isa = PBXContainerItemProxy;
			containerPortal = 730302302144FDE200EDF25D /* Project object */;
			proxyType = 1;
			remoteGlobalIDString = 730302372144FDE200EDF25D;
			remoteInfo = "Runtime Application";
		};
		7303025C2144FDE300EDF25D /* PBXContainerItemProxy */ = {
			isa = PBXContainerItemProxy;
			containerPortal = 730302302144FDE200EDF25D /* Project object */;
			proxyType = 1;
			remoteGlobalIDString = 730302372144FDE200EDF25D;
			remoteInfo = "Runtime Application";
		};
/* End PBXContainerItemProxy section */

/* Begin PBXFileReference section */
		730302382144FDE200EDF25D /* Runtime Application.app */ = {isa = PBXFileReference; explicitFileType = wrapper.application; includeInIndex = 0; path = "Runtime Application.app"; sourceTree = BUILT_PRODUCTS_DIR; };
		7303023B2144FDE200EDF25D /* AppDelegate.h */ = {isa = PBXFileReference; lastKnownFileType = sourcecode.c.h; path = AppDelegate.h; sourceTree = "<group>"; };
		7303023C2144FDE200EDF25D /* AppDelegate.m */ = {isa = PBXFileReference; lastKnownFileType = sourcecode.c.objc; path = AppDelegate.m; sourceTree = "<group>"; };
		7303023E2144FDE200EDF25D /* ViewController.h */ = {isa = PBXFileReference; lastKnownFileType = sourcecode.c.h; path = ViewController.h; sourceTree = "<group>"; };
		7303023F2144FDE200EDF25D /* ViewController.m */ = {isa = PBXFileReference; lastKnownFileType = sourcecode.c.objc; path = ViewController.m; sourceTree = "<group>"; };
		730302422144FDE200EDF25D /* Base */ = {isa = PBXFileReference; lastKnownFileType = file.storyboard; name = Base; path = Base.lproj/Main.storyboard; sourceTree = "<group>"; };
		730302442144FDE300EDF25D /* Assets.xcassets */ = {isa = PBXFileReference; lastKnownFileType = folder.assetcatalog; path = Assets.xcassets; sourceTree = "<group>"; };
		730302472144FDE300EDF25D /* Base */ = {isa = PBXFileReference; lastKnownFileType = file.storyboard; name = Base; path = Base.lproj/LaunchScreen.storyboard; sourceTree = "<group>"; };
		730302492144FDE300EDF25D /* Info.plist */ = {isa = PBXFileReference; lastKnownFileType = text.plist.xml; path = Info.plist; sourceTree = "<group>"; };
		7303024A2144FDE300EDF25D /* main.m */ = {isa = PBXFileReference; lastKnownFileType = sourcecode.c.objc; path = main.m; sourceTree = "<group>"; };
		730302502144FDE300EDF25D /* Runtime ApplicationTests.xctest */ = {isa = PBXFileReference; explicitFileType = wrapper.cfbundle; includeInIndex = 0; path = "Runtime ApplicationTests.xctest"; sourceTree = BUILT_PRODUCTS_DIR; };
		730302542144FDE300EDF25D /* Runtime_ApplicationTests.m */ = {isa = PBXFileReference; lastKnownFileType = sourcecode.c.objc; path = Runtime_ApplicationTests.m; sourceTree = "<group>"; };
		730302562144FDE300EDF25D /* Info.plist */ = {isa = PBXFileReference; lastKnownFileType = text.plist.xml; path = Info.plist; sourceTree = "<group>"; };
		7303025B2144FDE300EDF25D /* Runtime ApplicationUITests.xctest */ = {isa = PBXFileReference; explicitFileType = wrapper.cfbundle; includeInIndex = 0; path = "Runtime ApplicationUITests.xctest"; sourceTree = BUILT_PRODUCTS_DIR; };
		7303025F2144FDE300EDF25D /* Runtime_ApplicationUITests.m */ = {isa = PBXFileReference; lastKnownFileType = sourcecode.c.objc; path = Runtime_ApplicationUITests.m; sourceTree = "<group>"; };
		730302612144FDE300EDF25D /* Info.plist */ = {isa = PBXFileReference; lastKnownFileType = text.plist.xml; path = Info.plist; sourceTree = "<group>"; };
		7303026D2144FE5E00EDF25D /* ViewController+Property.h */ = {isa = PBXFileReference; lastKnownFileType = sourcecode.c.h; path = "ViewController+Property.h"; sourceTree = "<group>"; };
		7303026E2144FE5E00EDF25D /* ViewController+Property.m */ = {isa = PBXFileReference; lastKnownFileType = sourcecode.c.objc; path = "ViewController+Property.m"; sourceTree = "<group>"; };
		7303027321450D2D00EDF25D /* NSObject+RuntimeModel.h */ = {isa = PBXFileReference; lastKnownFileType = sourcecode.c.h; path = "NSObject+RuntimeModel.h"; sourceTree = "<group>"; };
		7303027421450D2D00EDF25D /* NSObject+RuntimeModel.m */ = {isa = PBXFileReference; lastKnownFileType = sourcecode.c.objc; path = "NSObject+RuntimeModel.m"; sourceTree = "<group>"; };
		7303027621450F6F00EDF25D /* RuntimeModel.h */ = {isa = PBXFileReference; lastKnownFileType = sourcecode.c.h; path = RuntimeModel.h; sourceTree = "<group>"; };
		7303027721450F6F00EDF25D /* RuntimeModel.m */ = {isa = PBXFileReference; lastKnownFileType = sourcecode.c.objc; path = RuntimeModel.m; sourceTree = "<group>"; };
/* End PBXFileReference section */

/* Begin PBXFrameworksBuildPhase section */
		730302352144FDE200EDF25D /* Frameworks */ = {
			isa = PBXFrameworksBuildPhase;
			buildActionMask = 2147483647;
			files = (
			);
			runOnlyForDeploymentPostprocessing = 0;
		};
		7303024D2144FDE300EDF25D /* Frameworks */ = {
			isa = PBXFrameworksBuildPhase;
			buildActionMask = 2147483647;
			files = (
			);
			runOnlyForDeploymentPostprocessing = 0;
		};
		730302582144FDE300EDF25D /* Frameworks */ = {
			isa = PBXFrameworksBuildPhase;
			buildActionMask = 2147483647;
			files = (
			);
			runOnlyForDeploymentPostprocessing = 0;
		};
/* End PBXFrameworksBuildPhase section */

/* Begin PBXGroup section */
		7303022F2144FDE200EDF25D = {
			isa = PBXGroup;
			children = (
				7303023A2144FDE200EDF25D /* Runtime Application */,
				730302532144FDE300EDF25D /* Runtime ApplicationTests */,
				7303025E2144FDE300EDF25D /* Runtime ApplicationUITests */,
				730302392144FDE200EDF25D /* Products */,
			);
			sourceTree = "<group>";
		};
		730302392144FDE200EDF25D /* Products */ = {
			isa = PBXGroup;
			children = (
				730302382144FDE200EDF25D /* Runtime Application.app */,
				730302502144FDE300EDF25D /* Runtime ApplicationTests.xctest */,
				7303025B2144FDE300EDF25D /* Runtime ApplicationUITests.xctest */,
			);
			name = Products;
			sourceTree = "<group>";
		};
		7303023A2144FDE200EDF25D /* Runtime Application */ = {
			isa = PBXGroup;
			children = (
				7303023B2144FDE200EDF25D /* AppDelegate.h */,
				7303023C2144FDE200EDF25D /* AppDelegate.m */,
				7303023E2144FDE200EDF25D /* ViewController.h */,
				7303023F2144FDE200EDF25D /* ViewController.m */,
				730302412144FDE200EDF25D /* Main.storyboard */,
				730302442144FDE300EDF25D /* Assets.xcassets */,
				730302462144FDE300EDF25D /* LaunchScreen.storyboard */,
				730302492144FDE300EDF25D /* Info.plist */,
				7303024A2144FDE300EDF25D /* main.m */,
				7303026D2144FE5E00EDF25D /* ViewController+Property.h */,
				7303026E2144FE5E00EDF25D /* ViewController+Property.m */,
				7303027621450F6F00EDF25D /* RuntimeModel.h */,
				7303027721450F6F00EDF25D /* RuntimeModel.m */,
				7303027321450D2D00EDF25D /* NSObject+RuntimeModel.h */,
				7303027421450D2D00EDF25D /* NSObject+RuntimeModel.m */,
			);
			path = "Runtime Application";
			sourceTree = "<group>";
		};
		730302532144FDE300EDF25D /* Runtime ApplicationTests */ = {
			isa = PBXGroup;
			children = (
				730302542144FDE300EDF25D /* Runtime_ApplicationTests.m */,
				730302562144FDE300EDF25D /* Info.plist */,
			);
			path = "Runtime ApplicationTests";
			sourceTree = "<group>";
		};
		7303025E2144FDE300EDF25D /* Runtime ApplicationUITests */ = {
			isa = PBXGroup;
			children = (
				7303025F2144FDE300EDF25D /* Runtime_ApplicationUITests.m */,
				730302612144FDE300EDF25D /* Info.plist */,
			);
			path = "Runtime ApplicationUITests";
			sourceTree = "<group>";
		};
/* End PBXGroup section */

/* Begin PBXNativeTarget section */
		730302372144FDE200EDF25D /* Runtime Application */ = {
			isa = PBXNativeTarget;
			buildConfigurationList = 730302642144FDE300EDF25D /* Build configuration list for PBXNativeTarget "Runtime Application" */;
			buildPhases = (
				730302342144FDE200EDF25D /* Sources */,
				730302352144FDE200EDF25D /* Frameworks */,
				730302362144FDE200EDF25D /* Resources */,
			);
			buildRules = (
			);
			dependencies = (
			);
			name = "Runtime Application";
			productName = "Runtime Application";
			productReference = 730302382144FDE200EDF25D /* Runtime Application.app */;
			productType = "com.apple.product-type.application";
		};
		7303024F2144FDE300EDF25D /* Runtime ApplicationTests */ = {
			isa = PBXNativeTarget;
			buildConfigurationList = 730302672144FDE300EDF25D /* Build configuration list for PBXNativeTarget "Runtime ApplicationTests" */;
			buildPhases = (
				7303024C2144FDE300EDF25D /* Sources */,
				7303024D2144FDE300EDF25D /* Frameworks */,
				7303024E2144FDE300EDF25D /* Resources */,
			);
			buildRules = (
			);
			dependencies = (
				730302522144FDE300EDF25D /* PBXTargetDependency */,
			);
			name = "Runtime ApplicationTests";
			productName = "Runtime ApplicationTests";
			productReference = 730302502144FDE300EDF25D /* Runtime ApplicationTests.xctest */;
			productType = "com.apple.product-type.bundle.unit-test";
		};
		7303025A2144FDE300EDF25D /* Runtime ApplicationUITests */ = {
			isa = PBXNativeTarget;
			buildConfigurationList = 7303026A2144FDE300EDF25D /* Build configuration list for PBXNativeTarget "Runtime ApplicationUITests" */;
			buildPhases = (
				730302572144FDE300EDF25D /* Sources */,
				730302582144FDE300EDF25D /* Frameworks */,
				730302592144FDE300EDF25D /* Resources */,
			);
			buildRules = (
			);
			dependencies = (
				7303025D2144FDE300EDF25D /* PBXTargetDependency */,
			);
			name = "Runtime ApplicationUITests";
			productName = "Runtime ApplicationUITests";
			productReference = 7303025B2144FDE300EDF25D /* Runtime ApplicationUITests.xctest */;
			productType = "com.apple.product-type.bundle.ui-testing";
		};
/* End PBXNativeTarget section */

/* Begin PBXProject section */
		730302302144FDE200EDF25D /* Project object */ = {
			isa = PBXProject;
			attributes = {
				LastUpgradeCheck = 0940;
				ORGANIZATIONNAME = fukang;
				TargetAttributes = {
					730302372144FDE200EDF25D = {
						CreatedOnToolsVersion = 9.4.1;
					};
					7303024F2144FDE300EDF25D = {
						CreatedOnToolsVersion = 9.4.1;
						TestTargetID = 730302372144FDE200EDF25D;
					};
					7303025A2144FDE300EDF25D = {
						CreatedOnToolsVersion = 9.4.1;
						TestTargetID = 730302372144FDE200EDF25D;
					};
				};
			};
			buildConfigurationList = 730302332144FDE200EDF25D /* Build configuration list for PBXProject "Runtime Application" */;
			compatibilityVersion = "Xcode 9.3";
			developmentRegion = en;
			hasScannedForEncodings = 0;
			knownRegions = (
				en,
				Base,
			);
			mainGroup = 7303022F2144FDE200EDF25D;
			productRefGroup = 730302392144FDE200EDF25D /* Products */;
			projectDirPath = "";
			projectRoot = "";
			targets = (
				730302372144FDE200EDF25D /* Runtime Application */,
				7303024F2144FDE300EDF25D /* Runtime ApplicationTests */,
				7303025A2144FDE300EDF25D /* Runtime ApplicationUITests */,
			);
		};
/* End PBXProject section */

/* Begin PBXResourcesBuildPhase section */
		730302362144FDE200EDF25D /* Resources */ = {
			isa = PBXResourcesBuildPhase;
			buildActionMask = 2147483647;
			files = (
				730302482144FDE300EDF25D /* LaunchScreen.storyboard in Resources */,
				730302452144FDE300EDF25D /* Assets.xcassets in Resources */,
				730302432144FDE200EDF25D /* Main.storyboard in Resources */,
			);
			runOnlyForDeploymentPostprocessing = 0;
		};
		7303024E2144FDE300EDF25D /* Resources */ = {
			isa = PBXResourcesBuildPhase;
			buildActionMask = 2147483647;
			files = (
			);
			runOnlyForDeploymentPostprocessing = 0;
		};
		730302592144FDE300EDF25D /* Resources */ = {
			isa = PBXResourcesBuildPhase;
			buildActionMask = 2147483647;
			files = (
			);
			runOnlyForDeploymentPostprocessing = 0;
		};
/* End PBXResourcesBuildPhase section */

/* Begin PBXSourcesBuildPhase section */
		730302342144FDE200EDF25D /* Sources */ = {
			isa = PBXSourcesBuildPhase;
			buildActionMask = 2147483647;
			files = (
				730302402144FDE200EDF25D /* ViewController.m in Sources */,
				7303027521450D2D00EDF25D /* NSObject+RuntimeModel.m in Sources */,
				7303024B2144FDE300EDF25D /* main.m in Sources */,
				7303023D2144FDE200EDF25D /* AppDelegate.m in Sources */,
				7303027821450F6F00EDF25D /* RuntimeModel.m in Sources */,
				7303026F2144FE5E00EDF25D /* ViewController+Property.m in Sources */,
			);
			runOnlyForDeploymentPostprocessing = 0;
		};
		7303024C2144FDE300EDF25D /* Sources */ = {
			isa = PBXSourcesBuildPhase;
			buildActionMask = 2147483647;
			files = (
				730302552144FDE300EDF25D /* Runtime_ApplicationTests.m in Sources */,
			);
			runOnlyForDeploymentPostprocessing = 0;
		};
		730302572144FDE300EDF25D /* Sources */ = {
			isa = PBXSourcesBuildPhase;
			buildActionMask = 2147483647;
			files = (
				730302602144FDE300EDF25D /* Runtime_ApplicationUITests.m in Sources */,
			);
			runOnlyForDeploymentPostprocessing = 0;
		};
/* End PBXSourcesBuildPhase section */

/* Begin PBXTargetDependency section */
		730302522144FDE300EDF25D /* PBXTargetDependency */ = {
			isa = PBXTargetDependency;
			target = 730302372144FDE200EDF25D /* Runtime Application */;
			targetProxy = 730302512144FDE300EDF25D /* PBXContainerItemProxy */;
		};
		7303025D2144FDE300EDF25D /* PBXTargetDependency */ = {
			isa = PBXTargetDependency;
			target = 730302372144FDE200EDF25D /* Runtime Application */;
			targetProxy = 7303025C2144FDE300EDF25D /* PBXContainerItemProxy */;
		};
/* End PBXTargetDependency section */

/* Begin PBXVariantGroup section */
		730302412144FDE200EDF25D /* Main.storyboard */ = {
			isa = PBXVariantGroup;
			children = (
				730302422144FDE200EDF25D /* Base */,
			);
			name = Main.storyboard;
			sourceTree = "<group>";
		};
		730302462144FDE300EDF25D /* LaunchScreen.storyboard */ = {
			isa = PBXVariantGroup;
			children = (
				730302472144FDE300EDF25D /* Base */,
			);
			name = LaunchScreen.storyboard;
			sourceTree = "<group>";
		};
/* End PBXVariantGroup section */

/* Begin XCBuildConfiguration section */
		730302622144FDE300EDF25D /* Debug */ = {
			isa = XCBuildConfiguration;
			buildSettings = {
				ALWAYS_SEARCH_USER_PATHS = NO;
				CLANG_ANALYZER_NONNULL = YES;
				CLANG_ANALYZER_NUMBER_OBJECT_CONVERSION = YES_AGGRESSIVE;
				CLANG_CXX_LANGUAGE_STANDARD = "gnu++14";
				CLANG_CXX_LIBRARY = "libc++";
				CLANG_ENABLE_MODULES = YES;
				CLANG_ENABLE_OBJC_ARC = YES;
				CLANG_ENABLE_OBJC_WEAK = YES;
				CLANG_WARN_BLOCK_CAPTURE_AUTORELEASING = YES;
				CLANG_WARN_BOOL_CONVERSION = YES;
				CLANG_WARN_COMMA = YES;
				CLANG_WARN_CONSTANT_CONVERSION = YES;
				CLANG_WARN_DEPRECATED_OBJC_IMPLEMENTATIONS = YES;
				CLANG_WARN_DIRECT_OBJC_ISA_USAGE = YES_ERROR;
				CLANG_WARN_DOCUMENTATION_COMMENTS = YES;
				CLANG_WARN_EMPTY_BODY = YES;
				CLANG_WARN_ENUM_CONVERSION = YES;
				CLANG_WARN_INFINITE_RECURSION = YES;
				CLANG_WARN_INT_CONVERSION = YES;
				CLANG_WARN_NON_LITERAL_NULL_CONVERSION = YES;
				CLANG_WARN_OBJC_IMPLICIT_RETAIN_SELF = YES;
				CLANG_WARN_OBJC_LITERAL_CONVERSION = YES;
				CLANG_WARN_OBJC_ROOT_CLASS = YES_ERROR;
				CLANG_WARN_RANGE_LOOP_ANALYSIS = YES;
				CLANG_WARN_STRICT_PROTOTYPES = YES;
				CLANG_WARN_SUSPICIOUS_MOVE = YES;
				CLANG_WARN_UNGUARDED_AVAILABILITY = YES_AGGRESSIVE;
				CLANG_WARN_UNREACHABLE_CODE = YES;
				CLANG_WARN__DUPLICATE_METHOD_MATCH = YES;
				CODE_SIGN_IDENTITY = "iPhone Developer";
				COPY_PHASE_STRIP = NO;
				DEBUG_INFORMATION_FORMAT = dwarf;
				ENABLE_STRICT_OBJC_MSGSEND = YES;
				ENABLE_TESTABILITY = YES;
				GCC_C_LANGUAGE_STANDARD = gnu11;
				GCC_DYNAMIC_NO_PIC = NO;
				GCC_NO_COMMON_BLOCKS = YES;
				GCC_OPTIMIZATION_LEVEL = 0;
				GCC_PREPROCESSOR_DEFINITIONS = (
					"DEBUG=1",
					"$(inherited)",
				);
				GCC_WARN_64_TO_32_BIT_CONVERSION = YES;
				GCC_WARN_ABOUT_RETURN_TYPE = YES_ERROR;
				GCC_WARN_UNDECLARED_SELECTOR = YES;
				GCC_WARN_UNINITIALIZED_AUTOS = YES_AGGRESSIVE;
				GCC_WARN_UNUSED_FUNCTION = YES;
				GCC_WARN_UNUSED_VARIABLE = YES;
				IPHONEOS_DEPLOYMENT_TARGET = 11.4;
				MTL_ENABLE_DEBUG_INFO = YES;
				ONLY_ACTIVE_ARCH = YES;
				SDKROOT = iphoneos;
			};
			name = Debug;
		};
		730302632144FDE300EDF25D /* Release */ = {
			isa = XCBuildConfiguration;
			buildSettings = {
				ALWAYS_SEARCH_USER_PATHS = NO;
				CLANG_ANALYZER_NONNULL = YES;
				CLANG_ANALYZER_NUMBER_OBJECT_CONVERSION = YES_AGGRESSIVE;
				CLANG_CXX_LANGUAGE_STANDARD = "gnu++14";
				CLANG_CXX_LIBRARY = "libc++";
				CLANG_ENABLE_MODULES = YES;
				CLANG_ENABLE_OBJC_ARC = YES;
				CLANG_ENABLE_OBJC_WEAK = YES;
				CLANG_WARN_BLOCK_CAPTURE_AUTORELEASING = YES;
				CLANG_WARN_BOOL_CONVERSION = YES;
				CLANG_WARN_COMMA = YES;
				CLANG_WARN_CONSTANT_CONVERSION = YES;
				CLANG_WARN_DEPRECATED_OBJC_IMPLEMENTATIONS = YES;
				CLANG_WARN_DIRECT_OBJC_ISA_USAGE = YES_ERROR;
				CLANG_WARN_DOCUMENTATION_COMMENTS = YES;
				CLANG_WARN_EMPTY_BODY = YES;
				CLANG_WARN_ENUM_CONVERSION = YES;
				CLANG_WARN_INFINITE_RECURSION = YES;
				CLANG_WARN_INT_CONVERSION = YES;
				CLANG_WARN_NON_LITERAL_NULL_CONVERSION = YES;
				CLANG_WARN_OBJC_IMPLICIT_RETAIN_SELF = YES;
				CLANG_WARN_OBJC_LITERAL_CONVERSION = YES;
				CLANG_WARN_OBJC_ROOT_CLASS = YES_ERROR;
				CLANG_WARN_RANGE_LOOP_ANALYSIS = YES;
				CLANG_WARN_STRICT_PROTOTYPES = YES;
				CLANG_WARN_SUSPICIOUS_MOVE = YES;
				CLANG_WARN_UNGUARDED_AVAILABILITY = YES_AGGRESSIVE;
				CLANG_WARN_UNREACHABLE_CODE = YES;
				CLANG_WARN__DUPLICATE_METHOD_MATCH = YES;
				CODE_SIGN_IDENTITY = "iPhone Developer";
				COPY_PHASE_STRIP = NO;
				DEBUG_INFORMATION_FORMAT = "dwarf-with-dsym";
				ENABLE_NS_ASSERTIONS = NO;
				ENABLE_STRICT_OBJC_MSGSEND = YES;
				GCC_C_LANGUAGE_STANDARD = gnu11;
				GCC_NO_COMMON_BLOCKS = YES;
				GCC_WARN_64_TO_32_BIT_CONVERSION = YES;
				GCC_WARN_ABOUT_RETURN_TYPE = YES_ERROR;
				GCC_WARN_UNDECLARED_SELECTOR = YES;
				GCC_WARN_UNINITIALIZED_AUTOS = YES_AGGRESSIVE;
				GCC_WARN_UNUSED_FUNCTION = YES;
				GCC_WARN_UNUSED_VARIABLE = YES;
				IPHONEOS_DEPLOYMENT_TARGET = 11.4;
				MTL_ENABLE_DEBUG_INFO = NO;
				SDKROOT = iphoneos;
				VALIDATE_PRODUCT = YES;
			};
			name = Release;
		};
		730302652144FDE300EDF25D /* Debug */ = {
			isa = XCBuildConfiguration;
			buildSettings = {
				ASSETCATALOG_COMPILER_APPICON_NAME = AppIcon;
				CODE_SIGN_STYLE = Automatic;
				INFOPLIST_FILE = "Runtime Application/Info.plist";
				LD_RUNPATH_SEARCH_PATHS = (
					"$(inherited)",
					"@executable_path/Frameworks",
				);
				PRODUCT_BUNDLE_IDENTIFIER = "AutoConetentSize.Runtime-Application";
				PRODUCT_NAME = "$(TARGET_NAME)";
				TARGETED_DEVICE_FAMILY = "1,2";
			};
			name = Debug;
		};
		730302662144FDE300EDF25D /* Release */ = {
			isa = XCBuildConfiguration;
			buildSettings = {
				ASSETCATALOG_COMPILER_APPICON_NAME = AppIcon;
				CODE_SIGN_STYLE = Automatic;
				INFOPLIST_FILE = "Runtime Application/Info.plist";
				LD_RUNPATH_SEARCH_PATHS = (
					"$(inherited)",
					"@executable_path/Frameworks",
				);
				PRODUCT_BUNDLE_IDENTIFIER = "AutoConetentSize.Runtime-Application";
				PRODUCT_NAME = "$(TARGET_NAME)";
				TARGETED_DEVICE_FAMILY = "1,2";
			};
			name = Release;
		};
		730302682144FDE300EDF25D /* Debug */ = {
			isa = XCBuildConfiguration;
			buildSettings = {
				BUNDLE_LOADER = "$(TEST_HOST)";
				CODE_SIGN_STYLE = Automatic;
				INFOPLIST_FILE = "Runtime ApplicationTests/Info.plist";
				LD_RUNPATH_SEARCH_PATHS = (
					"$(inherited)",
					"@executable_path/Frameworks",
					"@loader_path/Frameworks",
				);
				PRODUCT_BUNDLE_IDENTIFIER = "AutoConetentSize.Runtime-ApplicationTests";
				PRODUCT_NAME = "$(TARGET_NAME)";
				TARGETED_DEVICE_FAMILY = "1,2";
				TEST_HOST = "$(BUILT_PRODUCTS_DIR)/Runtime Application.app/Runtime Application";
			};
			name = Debug;
		};
		730302692144FDE300EDF25D /* Release */ = {
			isa = XCBuildConfiguration;
			buildSettings = {
				BUNDLE_LOADER = "$(TEST_HOST)";
				CODE_SIGN_STYLE = Automatic;
				INFOPLIST_FILE = "Runtime ApplicationTests/Info.plist";
				LD_RUNPATH_SEARCH_PATHS = (
					"$(inherited)",
					"@executable_path/Frameworks",
					"@loader_path/Frameworks",
				);
				PRODUCT_BUNDLE_IDENTIFIER = "AutoConetentSize.Runtime-ApplicationTests";
				PRODUCT_NAME = "$(TARGET_NAME)";
				TARGETED_DEVICE_FAMILY = "1,2";
				TEST_HOST = "$(BUILT_PRODUCTS_DIR)/Runtime Application.app/Runtime Application";
			};
			name = Release;
		};
		7303026B2144FDE300EDF25D /* Debug */ = {
			isa = XCBuildConfiguration;
			buildSettings = {
				CODE_SIGN_STYLE = Automatic;
				INFOPLIST_FILE = "Runtime ApplicationUITests/Info.plist";
				LD_RUNPATH_SEARCH_PATHS = (
					"$(inherited)",
					"@executable_path/Frameworks",
					"@loader_path/Frameworks",
				);
				PRODUCT_BUNDLE_IDENTIFIER = "AutoConetentSize.Runtime-ApplicationUITests";
				PRODUCT_NAME = "$(TARGET_NAME)";
				TARGETED_DEVICE_FAMILY = "1,2";
				TEST_TARGET_NAME = "Runtime Application";
			};
			name = Debug;
		};
		7303026C2144FDE300EDF25D /* Release */ = {
			isa = XCBuildConfiguration;
			buildSettings = {
				CODE_SIGN_STYLE = Automatic;
				INFOPLIST_FILE = "Runtime ApplicationUITests/Info.plist";
				LD_RUNPATH_SEARCH_PATHS = (
					"$(inherited)",
					"@executable_path/Frameworks",
					"@loader_path/Frameworks",
				);
				PRODUCT_BUNDLE_IDENTIFIER = "AutoConetentSize.Runtime-ApplicationUITests";
				PRODUCT_NAME = "$(TARGET_NAME)";
				TARGETED_DEVICE_FAMILY = "1,2";
				TEST_TARGET_NAME = "Runtime Application";
			};
			name = Release;
		};
/* End XCBuildConfiguration section */

/* Begin XCConfigurationList section */
		730302332144FDE200EDF25D /* Build configuration list for PBXProject "Runtime Application" */ = {
			isa = XCConfigurationList;
			buildConfigurations = (
				730302622144FDE300EDF25D /* Debug */,
				730302632144FDE300EDF25D /* Release */,
			);
			defaultConfigurationIsVisible = 0;
			defaultConfigurationName = Release;
		};
		730302642144FDE300EDF25D /* Build configuration list for PBXNativeTarget "Runtime Application" */ = {
			isa = XCConfigurationList;
			buildConfigurations = (
				730302652144FDE300EDF25D /* Debug */,
				730302662144FDE300EDF25D /* Release */,
			);
			defaultConfigurationIsVisible = 0;
			defaultConfigurationName = Release;
		};
		730302672144FDE300EDF25D /* Build configuration list for PBXNativeTarget "Runtime ApplicationTests" */ = {
			isa = XCConfigurationList;
			buildConfigurations = (
				730302682144FDE300EDF25D /* Debug */,
				730302692144FDE300EDF25D /* Release */,
			);
			defaultConfigurationIsVisible = 0;
			defaultConfigurationName = Release;
		};
		7303026A2144FDE300EDF25D /* Build configuration list for PBXNativeTarget "Runtime ApplicationUITests" */ = {
			isa = XCConfigurationList;
			buildConfigurations = (
				7303026B2144FDE300EDF25D /* Debug */,
				7303026C2144FDE300EDF25D /* Release */,
			);
			defaultConfigurationIsVisible = 0;
			defaultConfigurationName = Release;
		};
/* End XCConfigurationList section */
	};
	rootObject = 730302302144FDE200EDF25D /* Project object */;
}
